
Microsoft Visual Studio Solution File, Format Version 12.00
# Visual Studio 15
VisualStudioVersion = 15.0.28307.2017
MinimumVisualStudioVersion = 10.0.40219.1
Project("{8BC9CEB8-8B4A-11D0-8D11-00A0C91BC942}") = "DNH-V", "DNH-V\DNH-V.vcxproj", "{4C79F511-7D82-43DE-A148-7BE4DC89C2B0}"
EndProject
Global
	GlobalSection(SolutionConfigurationPlatforms) = preSolution
		Debug|x64 = Debug|x64
		Debug|x86 = Debug|x86
		Release|x64 = Release|x64
		Release|x86 = Release|x86
	EndGlobalSection
	GlobalSection(ProjectConfigurationPlatforms) = postSolution
		{4C79F511-7D82-43DE-A148-7BE4DC89C2B0}.Debug|x64.ActiveCfg = Debug|x64
		{4C79F511-7D82-43DE-A148-7BE4DC89C2B0}.Debug|x64.Build.0 = Debug|x64
		{4C79F511-7D82-43DE-A148-7BE4DC89C2B0}.Debug|x86.ActiveCfg = Debug|Win32
		{4C79F511-7D82-43DE-A148-7BE4DC89C2B0}.Debug|x86.Build.0 = Debug|Win32
		{4C79F511-7D82-43DE-A148-7BE4DC89C2B0}.Release|x64.ActiveCfg = Release|x64
		{4C79F511-7D82-43DE-A148-7BE4DC89C2B0}.Release|x64.Build.0 = Release|x64
		{4C79F511-7D82-43DE-A148-7BE4DC89C2B0}.Release|x86.ActiveCfg = Release|Win32
		{4C79F511-7D82-43DE-A148-7BE4DC89C2B0}.Release|x86.Build.0 = Release|Win32
	EndGlobalSection
	GlobalSection(SolutionProperties) = preSolution
		HideSolutionNode = FALSE
	EndGlobalSection
	GlobalSection(ExtensibilityGlobals) = postSolution
		SolutionGuid = {040B56DF-E57A-4C7B-80B1-A9361DFEEB5F}
	EndGlobalSection
EndGlobal
