
Microsoft Visual Studio Solution File, Format Version 12.00
# Visual Studio Version 16
VisualStudioVersion = 16.0.33130.400
MinimumVisualStudioVersion = 10.0.40219.1
Project("{8BC9CEB8-8B4A-11D0-8D11-00A0C91BC942}") = "DnhConfig", "DnhConfig.vcxproj", "{52C156DB-FFEA-4DA5-BF38-4738986F3DFA}"
EndProject
Project("{8BC9CEB8-8B4A-11D0-8D11-00A0C91BC942}") = "DnhExecutor", "DnhExecutor.vcxproj", "{D57B6B3A-0DAB-4239-8BD0-4628FDA7F081}"
EndProject
Project("{8BC9CEB8-8B4A-11D0-8D11-00A0C91BC942}") = "DnhViewer", "DnhViewer.vcxproj", "{709C231A-BF9A-48EB-8211-3E311423ECED}"
EndProject
Project("{8BC9CEB8-8B4A-11D0-8D11-00A0C91BC942}") = "FileArchiver", "FileArchiver.vcxproj", "{CF9FF9CB-3C8A-4243-9687-F9CF9AC92099}"
EndProject
Project("{8BC9CEB8-8B4A-11D0-8D11-00A0C91BC942}") = "ExeTrimmer", "ExeTrimmer.vcxproj", "{D83C8518-8C87-4BBF-8C1E-DDD8DA61BB19}"
EndProject
Global
	GlobalSection(SolutionConfigurationPlatforms) = preSolution
		Debug|x64 = Debug|x64
		Debug|x86 = Debug|x86
		Release|x64 = Release|x64
		Release|x86 = Release|x86
		Template|x64 = Template|x64
		Template|x86 = Template|x86
	EndGlobalSection
	GlobalSection(ProjectConfigurationPlatforms) = postSolution
		{52C156DB-FFEA-4DA5-BF38-4738986F3DFA}.Debug|x64.ActiveCfg = Debug|Win32
		{52C156DB-FFEA-4DA5-BF38-4738986F3DFA}.Debug|x86.ActiveCfg = Debug|Win32
		{52C156DB-FFEA-4DA5-BF38-4738986F3DFA}.Debug|x86.Build.0 = Debug|Win32
		{52C156DB-FFEA-4DA5-BF38-4738986F3DFA}.Release|x64.ActiveCfg = Release|Win32
		{52C156DB-FFEA-4DA5-BF38-4738986F3DFA}.Release|x86.ActiveCfg = Release|Win32
		{52C156DB-FFEA-4DA5-BF38-4738986F3DFA}.Release|x86.Build.0 = Release|Win32
		{52C156DB-FFEA-4DA5-BF38-4738986F3DFA}.Template|x64.ActiveCfg = Template|Win32
		{52C156DB-FFEA-4DA5-BF38-4738986F3DFA}.Template|x86.ActiveCfg = Template|Win32
		{52C156DB-FFEA-4DA5-BF38-4738986F3DFA}.Template|x86.Build.0 = Template|Win32
		{D57B6B3A-0DAB-4239-8BD0-4628FDA7F081}.Debug|x64.ActiveCfg = Debug|Win32
		{D57B6B3A-0DAB-4239-8BD0-4628FDA7F081}.Debug|x86.ActiveCfg = Debug|Win32
		{D57B6B3A-0DAB-4239-8BD0-4628FDA7F081}.Debug|x86.Build.0 = Debug|Win32
		{D57B6B3A-0DAB-4239-8BD0-4628FDA7F081}.Release|x64.ActiveCfg = Release|Win32
		{D57B6B3A-0DAB-4239-8BD0-4628FDA7F081}.Release|x86.ActiveCfg = Release|Win32
		{D57B6B3A-0DAB-4239-8BD0-4628FDA7F081}.Release|x86.Build.0 = Release|Win32
		{D57B6B3A-0DAB-4239-8BD0-4628FDA7F081}.Template|x64.ActiveCfg = Template|Win32
		{D57B6B3A-0DAB-4239-8BD0-4628FDA7F081}.Template|x86.ActiveCfg = Template|Win32
		{D57B6B3A-0DAB-4239-8BD0-4628FDA7F081}.Template|x86.Build.0 = Template|Win32
		{709C231A-BF9A-48EB-8211-3E311423ECED}.Debug|x64.ActiveCfg = Debug|Win32
		{709C231A-BF9A-48EB-8211-3E311423ECED}.Debug|x86.ActiveCfg = Debug|Win32
		{709C231A-BF9A-48EB-8211-3E311423ECED}.Debug|x86.Build.0 = Debug|Win32
		{709C231A-BF9A-48EB-8211-3E311423ECED}.Release|x64.ActiveCfg = Release|Win32
		{709C231A-BF9A-48EB-8211-3E311423ECED}.Release|x86.ActiveCfg = Release|Win32
		{709C231A-BF9A-48EB-8211-3E311423ECED}.Release|x86.Build.0 = Release|Win32
		{709C231A-BF9A-48EB-8211-3E311423ECED}.Template|x64.ActiveCfg = Template|Win32
		{709C231A-BF9A-48EB-8211-3E311423ECED}.Template|x86.ActiveCfg = Template|Win32
		{709C231A-BF9A-48EB-8211-3E311423ECED}.Template|x86.Build.0 = Template|Win32
		{CF9FF9CB-3C8A-4243-9687-F9CF9AC92099}.Debug|x64.ActiveCfg = Debug|Win32
		{CF9FF9CB-3C8A-4243-9687-F9CF9AC92099}.Debug|x86.ActiveCfg = Debug|Win32
		{CF9FF9CB-3C8A-4243-9687-F9CF9AC92099}.Debug|x86.Build.0 = Debug|Win32
		{CF9FF9CB-3C8A-4243-9687-F9CF9AC92099}.Release|x64.ActiveCfg = Release|Win32
		{CF9FF9CB-3C8A-4243-9687-F9CF9AC92099}.Release|x86.ActiveCfg = Release|Win32
		{CF9FF9CB-3C8A-4243-9687-F9CF9AC92099}.Release|x86.Build.0 = Release|Win32
		{CF9FF9CB-3C8A-4243-9687-F9CF9AC92099}.Template|x64.ActiveCfg = Template|Win32
		{CF9FF9CB-3C8A-4243-9687-F9CF9AC92099}.Template|x86.ActiveCfg = Template|Win32
		{CF9FF9CB-3C8A-4243-9687-F9CF9AC92099}.Template|x86.Build.0 = Template|Win32
		{D83C8518-8C87-4BBF-8C1E-DDD8DA61BB19}.Debug|x64.ActiveCfg = Debug|x64
		{D83C8518-8C87-4BBF-8C1E-DDD8DA61BB19}.Debug|x64.Build.0 = Debug|x64
		{D83C8518-8C87-4BBF-8C1E-DDD8DA61BB19}.Debug|x86.ActiveCfg = Debug|Win32
		{D83C8518-8C87-4BBF-8C1E-DDD8DA61BB19}.Debug|x86.Build.0 = Debug|Win32
		{D83C8518-8C87-4BBF-8C1E-DDD8DA61BB19}.Release|x64.ActiveCfg = Release|x64
		{D83C8518-8C87-4BBF-8C1E-DDD8DA61BB19}.Release|x64.Build.0 = Release|x64
		{D83C8518-8C87-4BBF-8C1E-DDD8DA61BB19}.Release|x86.ActiveCfg = Release|Win32
		{D83C8518-8C87-4BBF-8C1E-DDD8DA61BB19}.Release|x86.Build.0 = Release|Win32
		{D83C8518-8C87-4BBF-8C1E-DDD8DA61BB19}.Template|x64.ActiveCfg = Debug|x64
		{D83C8518-8C87-4BBF-8C1E-DDD8DA61BB19}.Template|x64.Build.0 = Debug|x64
		{D83C8518-8C87-4BBF-8C1E-DDD8DA61BB19}.Template|x86.ActiveCfg = Debug|Win32
		{D83C8518-8C87-4BBF-8C1E-DDD8DA61BB19}.Template|x86.Build.0 = Debug|Win32
	EndGlobalSection
	GlobalSection(SolutionProperties) = preSolution
		HideSolutionNode = FALSE
	EndGlobalSection
	GlobalSection(ExtensibilityGlobals) = postSolution
		SolutionGuid = {040B56DF-E57A-4C7B-80B1-A9361DFEEB5F}
	EndGlobalSection
EndGlobal
