
Microsoft Visual Studio Solution File, Format Version 12.00
# Visual Studio 15
VisualStudioVersion = 15.0.28307.2017
MinimumVisualStudioVersion = 10.0.40219.1
Project("{8BC9CEB8-8B4A-11D0-8D11-00A0C91BC942}") = "DnhExecutor", "..\DNH-Netplay-newfeatures\DnhExecutor.vcxproj", "{D57B6B3A-0DAB-4239-8BD0-4628FDA7F081}"
EndProject
Global
	GlobalSection(SolutionConfigurationPlatforms) = preSolution
		Debug|x86 = Debug|x86
		Release|x86 = Release|x86
		Template|x86 = Template|x86
	EndGlobalSection
	GlobalSection(ProjectConfigurationPlatforms) = postSolution
		{D57B6B3A-0DAB-4239-8BD0-4628FDA7F081}.Debug|x86.ActiveCfg = Debug|Win32
		{D57B6B3A-0DAB-4239-8BD0-4628FDA7F081}.Debug|x86.Build.0 = Debug|Win32
		{D57B6B3A-0DAB-4239-8BD0-4628FDA7F081}.Release|x86.ActiveCfg = Release|Win32
		{D57B6B3A-0DAB-4239-8BD0-4628FDA7F081}.Release|x86.Build.0 = Release|Win32
		{D57B6B3A-0DAB-4239-8BD0-4628FDA7F081}.Template|x86.ActiveCfg = Template|Win32
		{D57B6B3A-0DAB-4239-8BD0-4628FDA7F081}.Template|x86.Build.0 = Template|Win32
	EndGlobalSection
	GlobalSection(SolutionProperties) = preSolution
		HideSolutionNode = FALSE
	EndGlobalSection
	GlobalSection(ExtensibilityGlobals) = postSolution
		SolutionGuid = {040B56DF-E57A-4C7B-80B1-A9361DFEEB5F}
	EndGlobalSection
EndGlobal
