<?xml version="1.0" encoding="UTF-8" standalone="yes" ?>
<CodeBlocks_project_file>
	<FileVersion major="1" minor="6" />
	<Project>
		<Option title="DnhViewer" />
		<Option pch_mode="2" />
		<Option compiler="gcc" />
		<Build>
			<Target title="Debug Win32">
				<Option output="../bin_th_dnh/DnhViewer_dbg" prefix_auto="1" extension_auto="1" />
				<Option object_output="Debug/DnhViewer/" />
				<Option deps_output="../bin_th_dnh/" />
				<Option type="0" />
				<Option compiler="gcc" />
				<Compiler>
					<Add option="-Wall" />
					<Add option="-g" />
					<Add option="-O0" />
					<Add option="-DWIN32" />
					<Add option="-D_DEBUG" />
					<Add option="-D_WINDOWS" />
					<Add option="-DUNICODE" />
				</Compiler>
				<Linker>
					<Add library="legacy_stdio_definitions.lib" />
					<Add library="winmm.lib" />
					<Add library="comctl32.lib" />
					<Add library="kernel32.lib" />
					<Add library="user32.lib" />
					<Add library="gdi32.lib" />
					<Add library="winspool.lib" />
					<Add library="comdlg32.lib" />
					<Add library="advapi32.lib" />
					<Add library="shell32.lib" />
					<Add library="ole32.lib" />
					<Add library="oleaut32.lib" />
					<Add library="uuid.lib" />
					<Add library="odbc32.lib" />
					<Add library="odbccp32.lib" />
				</Linker>
			</Target>
			<Target title="Release Win32">
				<Option output="../bin_th_dnh/DnhViewer" prefix_auto="1" extension_auto="1" />
				<Option object_output="Release/DnhViewer/" />
				<Option deps_output="../bin_th_dnh/" />
				<Option type="0" />
				<Option compiler="gcc" />
				<Compiler>
					<Add option="-O1" />
					<Add option="-Wall" />
					<Add option="-DWIN32" />
					<Add option="-DNDEBUG" />
					<Add option="-D_WINDOWS" />
					<Add option="-DUNICODE" />
					<Add directory="../SFML-2.5.1/include/" />
				</Compiler>
				<Linker>
					<Add option="-s" />
					<Add library="zlib.lib" />
					<Add library="sfml-network.lib" />
					<Add library="sfml-system.lib" />
					<Add library="legacy_stdio_definitions.lib" />
					<Add library="winmm.lib" />
					<Add library="comctl32.lib" />
					<Add library="kernel32.lib" />
					<Add library="user32.lib" />
					<Add library="gdi32.lib" />
					<Add library="winspool.lib" />
					<Add library="comdlg32.lib" />
					<Add library="advapi32.lib" />
					<Add library="shell32.lib" />
					<Add library="ole32.lib" />
					<Add library="oleaut32.lib" />
					<Add library="uuid.lib" />
					<Add library="odbc32.lib" />
					<Add library="odbccp32.lib" />
					<Add directory="../SFML-2.5.1/lib/" />
					<Add directory="../zlib/library/" />
				</Linker>
			</Target>
			<Target title="Template Win32">
				<Option output="./bin_th_dnh/DnhViewer" prefix_auto="1" extension_auto="1" />
				<Option object_output="/" />
				<Option deps_output="./bin_th_dnh/" />
				<Option type="0" />
				<Option compiler="gcc" />
				<Linker>
					<Add library="legacy_stdio_definitions.lib" />
					<Add library="winmm.lib" />
					<Add library="comctl32.lib" />
					<Add library="kernel32.lib" />
					<Add library="user32.lib" />
					<Add library="gdi32.lib" />
					<Add library="winspool.lib" />
					<Add library="comdlg32.lib" />
					<Add library="advapi32.lib" />
					<Add library="shell32.lib" />
					<Add library="ole32.lib" />
					<Add library="oleaut32.lib" />
					<Add library="uuid.lib" />
					<Add library="odbc32.lib" />
					<Add library="odbccp32.lib" />
				</Linker>
			</Target>
		</Build>
		<Unit filename="source/GcLib/GcLib.hpp" />
		<Unit filename="source/GcLib/directx/DirectGraphics.cpp" />
		<Unit filename="source/GcLib/directx/DirectGraphics.hpp" />
		<Unit filename="source/GcLib/directx/DirectInput.cpp" />
		<Unit filename="source/GcLib/directx/DirectInput.hpp" />
		<Unit filename="source/GcLib/directx/DirectSound.cpp" />
		<Unit filename="source/GcLib/directx/DirectSound.hpp" />
		<Unit filename="source/GcLib/directx/DxConstant.hpp" />
		<Unit filename="source/GcLib/directx/DxLib.hpp" />
		<Unit filename="source/GcLib/directx/DxScript.cpp" />
		<Unit filename="source/GcLib/directx/DxScript.hpp" />
		<Unit filename="source/GcLib/directx/DxText.cpp" />
		<Unit filename="source/GcLib/directx/DxText.hpp" />
		<Unit filename="source/GcLib/directx/DxUtility.cpp" />
		<Unit filename="source/GcLib/directx/DxUtility.hpp" />
		<Unit filename="source/GcLib/directx/DxWindow.cpp" />
		<Unit filename="source/GcLib/directx/DxWindow.hpp" />
		<Unit filename="source/GcLib/directx/ElfreinaMesh.cpp" />
		<Unit filename="source/GcLib/directx/ElfreinaMesh.hpp" />
		<Unit filename="source/GcLib/directx/EventScript.cpp" />
		<Unit filename="source/GcLib/directx/EventScript.hpp" />
		<Unit filename="source/GcLib/directx/HLSL.hpp" />
		<Unit filename="source/GcLib/directx/MetasequoiaMesh.cpp" />
		<Unit filename="source/GcLib/directx/MetasequoiaMesh.hpp" />
		<Unit filename="source/GcLib/directx/RenderObject.cpp" />
		<Unit filename="source/GcLib/directx/RenderObject.hpp" />
		<Unit filename="source/GcLib/directx/ScriptManager.cpp" />
		<Unit filename="source/GcLib/directx/ScriptManager.hpp" />
		<Unit filename="source/GcLib/directx/Shader.cpp" />
		<Unit filename="source/GcLib/directx/Shader.hpp" />
		<Unit filename="source/GcLib/directx/Texture.cpp" />
		<Unit filename="source/GcLib/directx/Texture.hpp" />
		<Unit filename="source/GcLib/directx/TransitionEffect.cpp" />
		<Unit filename="source/GcLib/directx/TransitionEffect.hpp" />
		<Unit filename="source/GcLib/gstd/Application.cpp" />
		<Unit filename="source/GcLib/gstd/Application.hpp" />
		<Unit filename="source/GcLib/gstd/File.cpp" />
		<Unit filename="source/GcLib/gstd/File.hpp" />
		<Unit filename="source/GcLib/gstd/FpsController.cpp" />
		<Unit filename="source/GcLib/gstd/FpsController.hpp" />
		<Unit filename="source/GcLib/gstd/GstdConstant.hpp" />
		<Unit filename="source/GcLib/gstd/GstdLib.hpp" />
		<Unit filename="source/GcLib/gstd/GstdUtility.cpp" />
		<Unit filename="source/GcLib/gstd/GstdUtility.hpp" />
		<Unit filename="source/GcLib/gstd/Logger.cpp" />
		<Unit filename="source/GcLib/gstd/Logger.hpp" />
		<Unit filename="source/GcLib/gstd/MersenneTwister.cpp" />
		<Unit filename="source/GcLib/gstd/MersenneTwister.hpp" />
		<Unit filename="source/GcLib/gstd/Script.cpp" />
		<Unit filename="source/GcLib/gstd/Script.hpp" />
		<Unit filename="source/GcLib/gstd/ScriptClient.cpp" />
		<Unit filename="source/GcLib/gstd/ScriptClient.hpp" />
		<Unit filename="source/GcLib/gstd/SmartPointer.hpp" />
		<Unit filename="source/GcLib/gstd/Task.cpp" />
		<Unit filename="source/GcLib/gstd/Task.hpp" />
		<Unit filename="source/GcLib/gstd/Thread.cpp" />
		<Unit filename="source/GcLib/gstd/Thread.hpp" />
		<Unit filename="source/GcLib/gstd/Window.cpp" />
		<Unit filename="source/GcLib/gstd/Window.hpp" />
		<Unit filename="source/TouhouDanmakufu/Common/DnhCommon.cpp" />
		<Unit filename="source/TouhouDanmakufu/Common/DnhCommon.hpp" />
		<Unit filename="source/TouhouDanmakufu/Common/DnhConstant.hpp" />
		<Unit filename="source/TouhouDanmakufu/Common/DnhGcLibImpl.cpp" />
		<Unit filename="source/TouhouDanmakufu/Common/DnhGcLibImpl.hpp" />
		<Unit filename="source/TouhouDanmakufu/Common/DnhReplay.cpp" />
		<Unit filename="source/TouhouDanmakufu/Common/DnhReplay.hpp" />
		<Unit filename="source/TouhouDanmakufu/Common/DnhScript.cpp" />
		<Unit filename="source/TouhouDanmakufu/Common/DnhScript.hpp" />
		<Unit filename="source/TouhouDanmakufu/Common/StgCommon.cpp" />
		<Unit filename="source/TouhouDanmakufu/Common/StgCommon.hpp" />
		<Unit filename="source/TouhouDanmakufu/Common/StgControlScript.cpp" />
		<Unit filename="source/TouhouDanmakufu/Common/StgControlScript.hpp" />
		<Unit filename="source/TouhouDanmakufu/Common/StgEnemy.cpp" />
		<Unit filename="source/TouhouDanmakufu/Common/StgEnemy.hpp" />
		<Unit filename="source/TouhouDanmakufu/Common/StgIntersection.cpp" />
		<Unit filename="source/TouhouDanmakufu/Common/StgIntersection.hpp" />
		<Unit filename="source/TouhouDanmakufu/Common/StgItem.cpp" />
		<Unit filename="source/TouhouDanmakufu/Common/StgItem.hpp" />
		<Unit filename="source/TouhouDanmakufu/Common/StgPackageController.cpp" />
		<Unit filename="source/TouhouDanmakufu/Common/StgPackageController.hpp" />
		<Unit filename="source/TouhouDanmakufu/Common/StgPackageScript.cpp" />
		<Unit filename="source/TouhouDanmakufu/Common/StgPackageScript.hpp" />
		<Unit filename="source/TouhouDanmakufu/Common/StgPlayer.cpp" />
		<Unit filename="source/TouhouDanmakufu/Common/StgPlayer.hpp" />
		<Unit filename="source/TouhouDanmakufu/Common/StgShot.cpp" />
		<Unit filename="source/TouhouDanmakufu/Common/StgShot.hpp" />
		<Unit filename="source/TouhouDanmakufu/Common/StgStageController.cpp" />
		<Unit filename="source/TouhouDanmakufu/Common/StgStageController.hpp" />
		<Unit filename="source/TouhouDanmakufu/Common/StgStageScript.cpp" />
		<Unit filename="source/TouhouDanmakufu/Common/StgStageScript.hpp" />
		<Unit filename="source/TouhouDanmakufu/Common/StgSystem.cpp" />
		<Unit filename="source/TouhouDanmakufu/Common/StgSystem.hpp" />
		<Unit filename="source/TouhouDanmakufu/Common/StgUserExtendScene.cpp" />
		<Unit filename="source/TouhouDanmakufu/Common/StgUserExtendScene.hpp" />
		<Unit filename="source/TouhouDanmakufu/DnhViewer/Common.cpp" />
		<Unit filename="source/TouhouDanmakufu/DnhViewer/Common.hpp" />
		<Unit filename="source/TouhouDanmakufu/DnhViewer/Constant.hpp" />
		<Unit filename="source/TouhouDanmakufu/DnhViewer/DebugWindow.cpp" />
		<Unit filename="source/TouhouDanmakufu/DnhViewer/DebugWindow.hpp" />
		<Unit filename="source/TouhouDanmakufu/DnhViewer/DnhViewer.rc">
			<Option compilerVar="WINDRES" />
		</Unit>
		<Unit filename="source/TouhouDanmakufu/DnhViewer/GcLibImpl.cpp" />
		<Unit filename="source/TouhouDanmakufu/DnhViewer/GcLibImpl.hpp" />
		<Unit filename="source/TouhouDanmakufu/DnhViewer/MainWindow.cpp" />
		<Unit filename="source/TouhouDanmakufu/DnhViewer/MainWindow.hpp" />
		<Unit filename="source/TouhouDanmakufu/DnhViewer/ScenePanel.cpp" />
		<Unit filename="source/TouhouDanmakufu/DnhViewer/ScenePanel.hpp" />
		<Unit filename="source/TouhouDanmakufu/DnhViewer/ScriptSelect.cpp" />
		<Unit filename="source/TouhouDanmakufu/DnhViewer/ScriptSelect.hpp" />
		<Unit filename="source/TouhouDanmakufu/DnhViewer/WinMain.cpp" />
		<Extensions>
			<lib_finder disable_auto="1" />
		</Extensions>
	</Project>
</CodeBlocks_project_file>
